{
  "name": "hy-elements",
  "version": "1.0.0-pre.26",
  "lockfileVersion": 1,
  "requires": true,
  "dependencies": {
    "attr-types": {
      "version": "1.0.2",
      "resolved": "https://registry.npmjs.org/attr-types/-/attr-types-1.0.2.tgz",
      "integrity": "sha512-kmYQ6rEegpWAH0bTWfhHPKi4Coj8AUJoPhtd6FhSNFGp0GleeOWTWLo3sme3cnKXRr9YxUwTRdbbP6EcMx72+A=="
    },
    "create-element-x": {
      "version": "1.1.1",
      "resolved": "https://registry.npmjs.org/create-element-x/-/create-element-x-1.1.1.tgz",
      "integrity": "sha512-OewVwPb/MZMkjMsHNiguYQyYUD/m34xmoDNTQV0I6nCY6fCt1vd8em2/Kco/iOxJKPywFpe4wfe/ekdQ+aeo7g=="
    },
    "hy-component": {
      "version": "1.0.0-pre.26",
      "resolved": "https://registry.npmjs.org/hy-component/-/hy-component-1.0.0-pre.26.tgz",
      "integrity": "sha512-rPDskHOYFrMK/x6kyf/1gfUNKlv+LAn/D7FFgPUhnTUjMzQe5erLJd2eBBqrflN0Bp/qjiF11RY1lspsGJS2CQ==",
      "requires": {
        "attr-types": "^1.0.2",
        "jquery": "^3.3.1",
        "qd-set": "^2.0.1",
        "rxjs": "^6.2.1"
      }
    },
    "hy-drawer": {
      "version": "1.0.0-pre.26",
      "resolved": "https://registry.npmjs.org/hy-drawer/-/hy-drawer-1.0.0-pre.26.tgz",
      "integrity": "sha512-jND0ooRJpcDhrOi5upuOsM4QbiUGnN3eqDQ+Alov3Fv/1q4INnvcB4uCPvjmyo8eyLEnTyj0MqpLZIwRRexIhA==",
      "requires": {
        "create-element-x": "^1.1.1",
        "hy-component": "^1.0.0-pre.26",
        "jquery": "^3.3.1",
        "rxjs": "^6.4.0",
        "rxjs-create-tween": "^2.0.1"
      }
    },
    "hy-push-state": {
      "version": "1.0.0-pre.26",
      "resolved": "https://registry.npmjs.org/hy-push-state/-/hy-push-state-1.0.0-pre.26.tgz",
      "integrity": "sha512-dDXm1SUr+lFCdvx8mk1yJReQ4omvMwlG4Nbhw0O0DBp7k1dyNjLY+y5/MdGeQbaMkywcq6ddp6QRRdXp30WiRQ==",
      "requires": {
        "hy-component": "^1.0.0-pre.26",
        "jquery": "^3.3.1",
        "rxjs": "^6.4.0"
      }
    },
    "jquery": {
      "version": "3.3.1",
      "resolved": "https://registry.npmjs.org/jquery/-/jquery-3.3.1.tgz",
      "integrity": "sha512-Ubldcmxp5np52/ENotGxlLe6aGMvmF4R8S6tZjsP6Knsaxd/xp3Zrh50cG93lR6nPXyUFwzN3ZSOQI0wRJNdGg==",
      "optional": true
    },
    "qd-set": {
      "version": "2.0.1",
      "resolved": "https://registry.npmjs.org/qd-set/-/qd-set-2.0.1.tgz",
      "integrity": "sha512-PLQh0eN0MZKUdJ2MItJz830blYVC5zeG7vozgf3zBiiB5kJzKMcIx4mLR+JXIgMIZGrzG/rHyG/TCeqOssvvSg=="
    },
    "rxjs": {
      "version": "6.4.0",
      "resolved": "https://registry.npmjs.org/rxjs/-/rxjs-6.4.0.tgz",
      "integrity": "sha512-Z9Yfa11F6B9Sg/BK9MnqnQ+aQYicPLtilXBp2yUtDt2JRCE0h26d33EnfO3ZxoNxG0T92OUucP3Ct7cpfkdFfw==",
      "requires": {
        "tslib": "^1.9.0"
      }
    },
    "rxjs-create-tween": {
      "version": "2.0.1",
      "resolved": "https://registry.npmjs.org/rxjs-create-tween/-/rxjs-create-tween-2.0.1.tgz",
      "integrity": "sha512-nK/IC8wXhEOKmzrQvpc/0UOvvLudv9pknmhQ14/z7nh+BsT2dgfBH0uNrGYGa2Q8bCYhDIURbh7m20phOQ9ZOw=="
    },
    "tslib": {
      "version": "1.9.3",
      "resolved": "https://registry.npmjs.org/tslib/-/tslib-1.9.3.tgz",
      "integrity": "sha512-4krF8scpejhaOgqzBEcGM7yDIEfi0/8+8zDRZhNZZ2kjmHJ4hv3zCbQWxoJGz1iw5U0Jl0nma13xzHXcncMavQ=="
    }
  }
}
